// !$*UTF8*$!
{
	archiveVersion = 1;
	classes = {
	};
	objectVersion = 45;
	objects = {

/* Begin PBXBuildFile section */
		1D3623260D0F684500981E51 /* CopongAppDelegate.m in Sources */ = {isa = PBXBuildFile; fileRef = 1D3623250D0F684500981E51 /* CopongAppDelegate.m */; };
		1D60589B0D05DD56006BFB54 /* main.m in Sources */ = {isa = PBXBuildFile; fileRef = 29B97316FDCFA39411CA2CEA /* main.m */; };
		1D60589F0D05DD5A006BFB54 /* Foundation.framework in Frameworks */ = {isa = PBXBuildFile; fileRef = 1D30AB110D05D00D00671497 /* Foundation.framework */; };
		1DF5F4E00D08C38300B7A737 /* UIKit.framework in Frameworks */ = {isa = PBXBuildFile; fileRef = 1DF5F4DF0D08C38300B7A737 /* UIKit.framework */; };
		288765FD0DF74451002DB57D /* CoreGraphics.framework in Frameworks */ = {isa = PBXBuildFile; fileRef = 288765FC0DF74451002DB57D /* CoreGraphics.framework */; };
		6506BA2C10D858190043A640 /* ball.png in Resources */ = {isa = PBXBuildFile; fileRef = 6506BA2510D858190043A640 /* ball.png */; };
		6506BA2D10D858190043A640 /* Default.png in Resources */ = {isa = PBXBuildFile; fileRef = 6506BA2610D858190043A640 /* Default.png */; };
		6506BA2E10D858190043A640 /* game.png in Resources */ = {isa = PBXBuildFile; fileRef = 6506BA2710D858190043A640 /* game.png */; };
		6506BA2F10D858190043A640 /* Icon.png in Resources */ = {isa = PBXBuildFile; fileRef = 6506BA2810D858190043A640 /* Icon.png */; };
		6506BA3010D858190043A640 /* paddle.png in Resources */ = {isa = PBXBuildFile; fileRef = 6506BA2910D858190043A640 /* paddle.png */; };
		6506BA3110D858190043A640 /* score_images.png in Resources */ = {isa = PBXBuildFile; fileRef = 6506BA2A10D858190043A640 /* score_images.png */; };
		6506BA3210D858190043A640 /* title.png in Resources */ = {isa = PBXBuildFile; fileRef = 6506BA2B10D858190043A640 /* title.png */; };
		6506BA7810D859EB0043A640 /* MenuScene.m in Sources */ = {isa = PBXBuildFile; fileRef = 6506BA7710D859EB0043A640 /* MenuScene.m */; };
		6506BA7B10D859F30043A640 /* GameScene.m in Sources */ = {isa = PBXBuildFile; fileRef = 6506BA7A10D859F30043A640 /* GameScene.m */; };
		6506BA7E10D859FB0043A640 /* MovingSprite.m in Sources */ = {isa = PBXBuildFile; fileRef = 6506BA7D10D859FB0043A640 /* MovingSprite.m */; };
		6506BA8110D85A020043A640 /* Ball.m in Sources */ = {isa = PBXBuildFile; fileRef = 6506BA8010D85A020043A640 /* Ball.m */; };
		6506BA8410D85A090043A640 /* Paddle.m in Sources */ = {isa = PBXBuildFile; fileRef = 6506BA8310D85A090043A640 /* Paddle.m */; };
		6506BA8710D85A110043A640 /* Sprite+Utils.m in Sources */ = {isa = PBXBuildFile; fileRef = 6506BA8610D85A110043A640 /* Sprite+Utils.m */; };
		658A903E10B057D5001BF45A /* OpenGLES.framework in Frameworks */ = {isa = PBXBuildFile; fileRef = 658A903D10B057D5001BF45A /* OpenGLES.framework */; };
		658A904010B057D5001BF45A /* QuartzCore.framework in Frameworks */ = {isa = PBXBuildFile; fileRef = 658A903F10B057D5001BF45A /* QuartzCore.framework */; };
		658A910810B0589E001BF45A /* libcocos2d.a in Frameworks */ = {isa = PBXBuildFile; fileRef = 658A90AD10B0585B001BF45A /* libcocos2d.a */; };
		658A912D10B06409001BF45A /* fps_images.png in Resources */ = {isa = PBXBuildFile; fileRef = 658A912C10B06409001BF45A /* fps_images.png */; };
/* End PBXBuildFile section */

/* Begin PBXContainerItemProxy section */
		658A90A810B0585B001BF45A /* PBXContainerItemProxy */ = {
			isa = PBXContainerItemProxy;
			containerPortal = 658A904A10B0585A001BF45A /* cocos2d-iphone.xcodeproj */;
			proxyType = 2;
			remoteGlobalIDString = 504225700FC0B39C00B992F7;
			remoteInfo = box2d;
		};
		658A90AA10B0585B001BF45A /* PBXContainerItemProxy */ = {
			isa = PBXContainerItemProxy;
			containerPortal = 658A904A10B0585A001BF45A /* cocos2d-iphone.xcodeproj */;
			proxyType = 2;
			remoteGlobalIDString = 50B2C4D10E100AEA00AE9530;
			remoteInfo = Chipmunk;
		};
		658A90AC10B0585B001BF45A /* PBXContainerItemProxy */ = {
			isa = PBXContainerItemProxy;
			containerPortal = 658A904A10B0585A001BF45A /* cocos2d-iphone.xcodeproj */;
			proxyType = 2;
			remoteGlobalIDString = 5018F24D0DFDEAC400C013A5;
			remoteInfo = cocos2d;
		};
		658A90AE10B0585B001BF45A /* PBXContainerItemProxy */ = {
			isa = PBXContainerItemProxy;
			containerPortal = 658A904A10B0585A001BF45A /* cocos2d-iphone.xcodeproj */;
			proxyType = 2;
			remoteGlobalIDString = 502C65EE0DFEF3DD00E4107D;
			remoteInfo = "cocos2d-documentation";
		};
		658A90B010B0585B001BF45A /* PBXContainerItemProxy */ = {
			isa = PBXContainerItemProxy;
			containerPortal = 658A904A10B0585A001BF45A /* cocos2d-iphone.xcodeproj */;
			proxyType = 2;
			remoteGlobalIDString = 50CB2FCA1004C8B100B7A750;
			remoteInfo = CocosDenshion;
		};
		658A90B210B0585B001BF45A /* PBXContainerItemProxy */ = {
			isa = PBXContainerItemProxy;
			containerPortal = 658A904A10B0585A001BF45A /* cocos2d-iphone.xcodeproj */;
			proxyType = 2;
			remoteGlobalIDString = 509B3A0D0F31024E00F2FB95;
			remoteInfo = cocosLive;
		};
		658A90B410B0585B001BF45A /* PBXContainerItemProxy */ = {
			isa = PBXContainerItemProxy;
			containerPortal = 658A904A10B0585A001BF45A /* cocos2d-iphone.xcodeproj */;
			proxyType = 2;
			remoteGlobalIDString = 505461DF10616AE100AB7C52;
			remoteInfo = FontLabel;
		};
		658A90B610B0585B001BF45A /* PBXContainerItemProxy */ = {
			isa = PBXContainerItemProxy;
			containerPortal = 658A904A10B0585A001BF45A /* cocos2d-iphone.xcodeproj */;
			proxyType = 2;
			remoteGlobalIDString = 503164CD10277665003ACFE7;
			remoteInfo = libpng;
		};
		658A90B810B0585B001BF45A /* PBXContainerItemProxy */ = {
			isa = PBXContainerItemProxy;
			containerPortal = 658A904A10B0585A001BF45A /* cocos2d-iphone.xcodeproj */;
			proxyType = 2;
			remoteGlobalIDString = 509B39DF0F31020900F2FB95;
			remoteInfo = TouchJSON;
		};
		658A90BA10B0585B001BF45A /* PBXContainerItemProxy */ = {
			isa = PBXContainerItemProxy;
			containerPortal = 658A904A10B0585A001BF45A /* cocos2d-iphone.xcodeproj */;
			proxyType = 2;
			remoteGlobalIDString = 8E6CBEEF0F7A758000D47B3A;
			remoteInfo = vorbis;
		};
		658A90BC10B0585B001BF45A /* PBXContainerItemProxy */ = {
			isa = PBXContainerItemProxy;
			containerPortal = 658A904A10B0585A001BF45A /* cocos2d-iphone.xcodeproj */;
			proxyType = 2;
			remoteGlobalIDString = 3170705B0E2940C900DD3360;
			remoteInfo = AccelViewportTest;
		};
		658A90BE10B0585B001BF45A /* PBXContainerItemProxy */ = {
			isa = PBXContainerItemProxy;
			containerPortal = 658A904A10B0585A001BF45A /* cocos2d-iphone.xcodeproj */;
			proxyType = 2;
			remoteGlobalIDString = 504CC32F1035BDE90096894C;
			remoteInfo = ActionManagerTest;
		};
		658A90C010B0585B001BF45A /* PBXContainerItemProxy */ = {
			isa = PBXContainerItemProxy;
			containerPortal = 658A904A10B0585A001BF45A /* cocos2d-iphone.xcodeproj */;
			proxyType = 2;
			remoteGlobalIDString = 506882110E95761200F943E5;
			remoteInfo = AtlasTest;
		};
		658A90C210B0585B001BF45A /* PBXContainerItemProxy */ = {
			isa = PBXContainerItemProxy;
			containerPortal = 658A904A10B0585A001BF45A /* cocos2d-iphone.xcodeproj */;
			proxyType = 2;
			remoteGlobalIDString = 501C7C910F91EFFF0024A296;
			remoteInfo = AtlasSpriteTest;
		};
		658A90C410B0585B001BF45A /* PBXContainerItemProxy */ = {
			isa = PBXContainerItemProxy;
			containerPortal = 658A904A10B0585A001BF45A /* cocos2d-iphone.xcodeproj */;
			proxyType = 2;
			remoteGlobalIDString = 504828800F45AED700A30CEF;
			remoteInfo = AttachTest;
		};
		658A90C610B0585B001BF45A /* PBXContainerItemProxy */ = {
			isa = PBXContainerItemProxy;
			containerPortal = 658A904A10B0585A001BF45A /* cocos2d-iphone.xcodeproj */;
			proxyType = 2;
			remoteGlobalIDString = 5042262E0FC0B5D500B992F7;
			remoteInfo = Box2dAccelTouchTest;
		};
		658A90C810B0585B001BF45A /* PBXContainerItemProxy */ = {
			isa = PBXContainerItemProxy;
			containerPortal = 658A904A10B0585A001BF45A /* cocos2d-iphone.xcodeproj */;
			proxyType = 2;
			remoteGlobalIDString = 50010ED2103B3DB80059EC2E;
			remoteInfo = Box2dTestBed;
		};
		658A90CA10B0585B001BF45A /* PBXContainerItemProxy */ = {
			isa = PBXContainerItemProxy;
			containerPortal = 658A904A10B0585A001BF45A /* cocos2d-iphone.xcodeproj */;
			proxyType = 2;
			remoteGlobalIDString = 50B2C5E80E100EF000AE9530;
			remoteInfo = ChipmunkAccelTouchTest;
		};
		658A90CC10B0585B001BF45A /* PBXContainerItemProxy */ = {
			isa = PBXContainerItemProxy;
			containerPortal = 658A904A10B0585A001BF45A /* cocos2d-iphone.xcodeproj */;
			proxyType = 2;
			remoteGlobalIDString = 50B2CE460E129FD900AE9530;
			remoteInfo = ChipmunkTest;
		};
		658A90CE10B0585B001BF45A /* PBXContainerItemProxy */ = {
			isa = PBXContainerItemProxy;
			containerPortal = 658A904A10B0585A001BF45A /* cocos2d-iphone.xcodeproj */;
			proxyType = 2;
			remoteGlobalIDString = 506C77E20E01520900B48100;
			remoteInfo = ClickAndMoveTest;
		};
		658A90D010B0585B001BF45A /* PBXContainerItemProxy */ = {
			isa = PBXContainerItemProxy;
			containerPortal = 658A904A10B0585A001BF45A /* cocos2d-iphone.xcodeproj */;
			proxyType = 2;
			remoteGlobalIDString = 50CB30361004C9D300B7A750;
			remoteInfo = "CocosDenshionDemo (soundengine)";
		};
		658A90D210B0585B001BF45A /* PBXContainerItemProxy */ = {
			isa = PBXContainerItemProxy;
			containerPortal = 658A904A10B0585A001BF45A /* cocos2d-iphone.xcodeproj */;
			proxyType = 2;
			remoteGlobalIDString = 509B3A280F3102FD00F2FB95;
			remoteInfo = cocosLiveTest;
		};
		658A90D410B0585B001BF45A /* PBXContainerItemProxy */ = {
			isa = PBXContainerItemProxy;
			containerPortal = 658A904A10B0585A001BF45A /* cocos2d-iphone.xcodeproj */;
			proxyType = 2;
			remoteGlobalIDString = 506144080E589A2E003CCDB7;
			remoteInfo = cocosnodeTest;
		};
		658A90D610B0585B001BF45A /* PBXContainerItemProxy */ = {
			isa = PBXContainerItemProxy;
			containerPortal = 658A904A10B0585A001BF45A /* cocos2d-iphone.xcodeproj */;
			proxyType = 2;
			remoteGlobalIDString = 501945740F964C620059CE7C;
			remoteInfo = drawPrimitivesTest;
		};
		658A90D810B0585B001BF45A /* PBXContainerItemProxy */ = {
			isa = PBXContainerItemProxy;
			containerPortal = 658A904A10B0585A001BF45A /* cocos2d-iphone.xcodeproj */;
			proxyType = 2;
			remoteGlobalIDString = 505B63A30F2F4210001B4104;
			remoteInfo = EaseActionsTest;
		};
		658A90DA10B0585B001BF45A /* PBXContainerItemProxy */ = {
			isa = PBXContainerItemProxy;
			containerPortal = 658A904A10B0585A001BF45A /* cocos2d-iphone.xcodeproj */;
			proxyType = 2;
			remoteGlobalIDString = 50A24E440F377FA1007CAEB0;
			remoteInfo = EffectsTest;
		};
		658A90DC10B0585B001BF45A /* PBXContainerItemProxy */ = {
			isa = PBXContainerItemProxy;
			containerPortal = 658A904A10B0585A001BF45A /* cocos2d-iphone.xcodeproj */;
			proxyType = 2;
			remoteGlobalIDString = 50D56FD20F3FABEC007CD6B9;
			remoteInfo = EffectsAdvancedTest;
		};
		658A90DE10B0585B001BF45A /* PBXContainerItemProxy */ = {
			isa = PBXContainerItemProxy;
			containerPortal = 658A904A10B0585A001BF45A /* cocos2d-iphone.xcodeproj */;
			proxyType = 2;
			remoteGlobalIDString = DAABAA9A1059A42E00794EB3;
			remoteInfo = FontTest;
		};
		658A90E010B0585B001BF45A /* PBXContainerItemProxy */ = {
			isa = PBXContainerItemProxy;
			containerPortal = 658A904A10B0585A001BF45A /* cocos2d-iphone.xcodeproj */;
			proxyType = 2;
			remoteGlobalIDString = 50C7D4950E5C2ED80035ACA2;
			remoteInfo = IntervalTest;
		};
		658A90E210B0585B001BF45A /* PBXContainerItemProxy */ = {
			isa = PBXContainerItemProxy;
			containerPortal = 658A904A10B0585A001BF45A /* cocos2d-iphone.xcodeproj */;
			proxyType = 2;
			remoteGlobalIDString = 504799B1100F6A4200D1C71A;
			remoteInfo = LayerTest;
		};
		658A90E410B0585B001BF45A /* PBXContainerItemProxy */ = {
			isa = PBXContainerItemProxy;
			containerPortal = 658A904A10B0585A001BF45A /* cocos2d-iphone.xcodeproj */;
			proxyType = 2;
			remoteGlobalIDString = 506C7A090E01C73A00B48100;
			remoteInfo = MenuTest;
		};
		658A90E610B0585B001BF45A /* PBXContainerItemProxy */ = {
			isa = PBXContainerItemProxy;
			containerPortal = 658A904A10B0585A001BF45A /* cocos2d-iphone.xcodeproj */;
			proxyType = 2;
			remoteGlobalIDString = 50A783C40F3AFCE500104C45;
			remoteInfo = MotionStreakTest;
		};
		658A90E810B0585B001BF45A /* PBXContainerItemProxy */ = {
			isa = PBXContainerItemProxy;
			containerPortal = 658A904A10B0585A001BF45A /* cocos2d-iphone.xcodeproj */;
			proxyType = 2;
			remoteGlobalIDString = 50C195600EE4B57E00829067;
			remoteInfo = ParallaxTest;
		};
		658A90EA10B0585B001BF45A /* PBXContainerItemProxy */ = {
			isa = PBXContainerItemProxy;
			containerPortal = 658A904A10B0585A001BF45A /* cocos2d-iphone.xcodeproj */;
			proxyType = 2;
			remoteGlobalIDString = 503167B41028488E003ACFE7;
			remoteInfo = ParticleView;
		};
		658A90EC10B0585B001BF45A /* PBXContainerItemProxy */ = {
			isa = PBXContainerItemProxy;
			containerPortal = 658A904A10B0585A001BF45A /* cocos2d-iphone.xcodeproj */;
			proxyType = 2;
			remoteGlobalIDString = 50DB1BCA0E1C1E5900A89DFF;
			remoteInfo = ParticleTest;
		};
		658A90EE10B0585B001BF45A /* PBXContainerItemProxy */ = {
			isa = PBXContainerItemProxy;
			containerPortal = 658A904A10B0585A001BF45A /* cocos2d-iphone.xcodeproj */;
			proxyType = 2;
			remoteGlobalIDString = 8EDF3ED80F6BDA0000F54643;
			remoteInfo = "PASoundEngineTest (experimental)";
		};
		658A90F010B0585B001BF45A /* PBXContainerItemProxy */ = {
			isa = PBXContainerItemProxy;
			containerPortal = 658A904A10B0585A001BF45A /* cocos2d-iphone.xcodeproj */;
			proxyType = 2;
			remoteGlobalIDString = 495E73F7104B74E20012BB52;
			remoteInfo = RenderTextureTest;
		};
		658A90F210B0585B001BF45A /* PBXContainerItemProxy */ = {
			isa = PBXContainerItemProxy;
			containerPortal = 658A904A10B0585A001BF45A /* cocos2d-iphone.xcodeproj */;
			proxyType = 2;
			remoteGlobalIDString = 502C66180DFEFCCA00E4107D;
			remoteInfo = RotateWorldTest;
		};
		658A90F410B0585B001BF45A /* PBXContainerItemProxy */ = {
			isa = PBXContainerItemProxy;
			containerPortal = 658A904A10B0585A001BF45A /* cocos2d-iphone.xcodeproj */;
			proxyType = 2;
			remoteGlobalIDString = 506C800E0E041C9300B48100;
			remoteInfo = SceneTest;
		};
		658A90F610B0585B001BF45A /* PBXContainerItemProxy */ = {
			isa = PBXContainerItemProxy;
			containerPortal = 658A904A10B0585A001BF45A /* cocos2d-iphone.xcodeproj */;
			proxyType = 2;
			remoteGlobalIDString = 50C93AAD0E0BF6E000517B01;
			remoteInfo = SpritesTest;
		};
		658A90F810B0585B001BF45A /* PBXContainerItemProxy */ = {
			isa = PBXContainerItemProxy;
			containerPortal = 658A904A10B0585A001BF45A /* cocos2d-iphone.xcodeproj */;
			proxyType = 2;
			remoteGlobalIDString = 505B62D60F2E6A0F001B4104;
			remoteInfo = Texture2dTest;
		};
		658A90FA10B0585B001BF45A /* PBXContainerItemProxy */ = {
			isa = PBXContainerItemProxy;
			containerPortal = 658A904A10B0585A001BF45A /* cocos2d-iphone.xcodeproj */;
			proxyType = 2;
			remoteGlobalIDString = 503F5CBE101FE930002A37E5;
			remoteInfo = TileMapTest;
		};
		658A90FC10B0585B001BF45A /* PBXContainerItemProxy */ = {
			isa = PBXContainerItemProxy;
			containerPortal = 658A904A10B0585A001BF45A /* cocos2d-iphone.xcodeproj */;
			proxyType = 2;
			remoteGlobalIDString = 5012DD3B0FE2994300D6DDD1;
			remoteInfo = TouchesTest;
		};
		658A90FE10B0585B001BF45A /* PBXContainerItemProxy */ = {
			isa = PBXContainerItemProxy;
			containerPortal = 658A904A10B0585A001BF45A /* cocos2d-iphone.xcodeproj */;
			proxyType = 2;
			remoteGlobalIDString = 50C938E00E0A9DBB00517B01;
			remoteInfo = TransitionsTest;
		};
		658A910010B0585B001BF45A /* PBXContainerItemProxy */ = {
			isa = PBXContainerItemProxy;
			containerPortal = 658A904A10B0585A001BF45A /* cocos2d-iphone.xcodeproj */;
			proxyType = 2;
			remoteGlobalIDString = 50DFC29F0FF627B6007E7827;
			remoteInfo = HelloWorldSample;
		};
		658A910210B0585B001BF45A /* PBXContainerItemProxy */ = {
			isa = PBXContainerItemProxy;
			containerPortal = 658A904A10B0585A001BF45A /* cocos2d-iphone.xcodeproj */;
			proxyType = 2;
			remoteGlobalIDString = 50D0E05F0FF9232E00098927;
			remoteInfo = HelloActionsSample;
		};
		658A910410B0585B001BF45A /* PBXContainerItemProxy */ = {
			isa = PBXContainerItemProxy;
			containerPortal = 658A904A10B0585A001BF45A /* cocos2d-iphone.xcodeproj */;
			proxyType = 2;
			remoteGlobalIDString = 50D0E0DE0FF930BA00098927;
			remoteInfo = HelloEventsSample;
		};
		658A910610B0585B001BF45A /* PBXContainerItemProxy */ = {
			isa = PBXContainerItemProxy;
			containerPortal = 658A904A10B0585A001BF45A /* cocos2d-iphone.xcodeproj */;
			proxyType = 2;
			remoteGlobalIDString = 50CB34DD100765EF00B7A750;
			remoteInfo = Bug422;
		};
		658A910C10B05961001BF45A /* PBXContainerItemProxy */ = {
			isa = PBXContainerItemProxy;
			containerPortal = 658A904A10B0585A001BF45A /* cocos2d-iphone.xcodeproj */;
			proxyType = 1;
			remoteGlobalIDString = 5018F24C0DFDEAC400C013A5;
			remoteInfo = cocos2d;
		};
/* End PBXContainerItemProxy section */

/* Begin PBXFileReference section */
		1D30AB110D05D00D00671497 /* Foundation.framework */ = {isa = PBXFileReference; lastKnownFileType = wrapper.framework; name = Foundation.framework; path = System/Library/Frameworks/Foundation.framework; sourceTree = SDKROOT; };
		1D3623240D0F684500981E51 /* CopongAppDelegate.h */ = {isa = PBXFileReference; fileEncoding = 4; lastKnownFileType = sourcecode.c.h; path = CopongAppDelegate.h; sourceTree = "<group>"; };
		1D3623250D0F684500981E51 /* CopongAppDelegate.m */ = {isa = PBXFileReference; fileEncoding = 4; lastKnownFileType = sourcecode.c.objc; path = CopongAppDelegate.m; sourceTree = "<group>"; };
		1D6058910D05DD3D006BFB54 /* Copong.app */ = {isa = PBXFileReference; explicitFileType = wrapper.application; includeInIndex = 0; path = Copong.app; sourceTree = BUILT_PRODUCTS_DIR; };
		1DF5F4DF0D08C38300B7A737 /* UIKit.framework */ = {isa = PBXFileReference; lastKnownFileType = wrapper.framework; name = UIKit.framework; path = System/Library/Frameworks/UIKit.framework; sourceTree = SDKROOT; };
		288765FC0DF74451002DB57D /* CoreGraphics.framework */ = {isa = PBXFileReference; lastKnownFileType = wrapper.framework; name = CoreGraphics.framework; path = System/Library/Frameworks/CoreGraphics.framework; sourceTree = SDKROOT; };
		29B97316FDCFA39411CA2CEA /* main.m */ = {isa = PBXFileReference; fileEncoding = 4; lastKnownFileType = sourcecode.c.objc; path = main.m; sourceTree = "<group>"; };
		32CA4F630368D1EE00C91783 /* Copong_Prefix.pch */ = {isa = PBXFileReference; fileEncoding = 4; lastKnownFileType = sourcecode.c.h; path = Copong_Prefix.pch; sourceTree = "<group>"; };
		6506BA2510D858190043A640 /* ball.png */ = {isa = PBXFileReference; lastKnownFileType = image.png; name = ball.png; path = Images/ball.png; sourceTree = SOURCE_ROOT; };
		6506BA2610D858190043A640 /* Default.png */ = {isa = PBXFileReference; lastKnownFileType = image.png; name = Default.png; path = Images/Default.png; sourceTree = SOURCE_ROOT; };
		6506BA2710D858190043A640 /* game.png */ = {isa = PBXFileReference; lastKnownFileType = image.png; name = game.png; path = Images/game.png; sourceTree = SOURCE_ROOT; };
		6506BA2810D858190043A640 /* Icon.png */ = {isa = PBXFileReference; lastKnownFileType = image.png; name = Icon.png; path = Images/Icon.png; sourceTree = SOURCE_ROOT; };
		6506BA2910D858190043A640 /* paddle.png */ = {isa = PBXFileReference; lastKnownFileType = image.png; name = paddle.png; path = Images/paddle.png; sourceTree = SOURCE_ROOT; };
		6506BA2A10D858190043A640 /* score_images.png */ = {isa = PBXFileReference; lastKnownFileType = image.png; name = score_images.png; path = Images/score_images.png; sourceTree = SOURCE_ROOT; };
		6506BA2B10D858190043A640 /* title.png */ = {isa = PBXFileReference; lastKnownFileType = image.png; name = title.png; path = Images/title.png; sourceTree = SOURCE_ROOT; };
		6506BA7610D859EB0043A640 /* MenuScene.h */ = {isa = PBXFileReference; fileEncoding = 4; lastKnownFileType = sourcecode.c.h; path = MenuScene.h; sourceTree = "<group>"; };
		6506BA7710D859EB0043A640 /* MenuScene.m */ = {isa = PBXFileReference; fileEncoding = 4; lastKnownFileType = sourcecode.c.objc; path = MenuScene.m; sourceTree = "<group>"; };
		6506BA7910D859F30043A640 /* GameScene.h */ = {isa = PBXFileReference; fileEncoding = 4; lastKnownFileType = sourcecode.c.h; path = GameScene.h; sourceTree = "<group>"; };
		6506BA7A10D859F30043A640 /* GameScene.m */ = {isa = PBXFileReference; fileEncoding = 4; lastKnownFileType = sourcecode.c.objc; path = GameScene.m; sourceTree = "<group>"; };
		6506BA7C10D859FB0043A640 /* MovingSprite.h */ = {isa = PBXFileReference; fileEncoding = 4; lastKnownFileType = sourcecode.c.h; path = MovingSprite.h; sourceTree = "<group>"; };
		6506BA7D10D859FB0043A640 /* MovingSprite.m */ = {isa = PBXFileReference; fileEncoding = 4; lastKnownFileType = sourcecode.c.objc; path = MovingSprite.m; sourceTree = "<group>"; };
		6506BA7F10D85A020043A640 /* Ball.h */ = {isa = PBXFileReference; fileEncoding = 4; lastKnownFileType = sourcecode.c.h; path = Ball.h; sourceTree = "<group>"; };
		6506BA8010D85A020043A640 /* Ball.m */ = {isa = PBXFileReference; fileEncoding = 4; lastKnownFileType = sourcecode.c.objc; path = Ball.m; sourceTree = "<group>"; };
		6506BA8210D85A090043A640 /* Paddle.h */ = {isa = PBXFileReference; fileEncoding = 4; lastKnownFileType = sourcecode.c.h; path = Paddle.h; sourceTree = "<group>"; };
		6506BA8310D85A090043A640 /* Paddle.m */ = {isa = PBXFileReference; fileEncoding = 4; lastKnownFileType = sourcecode.c.objc; path = Paddle.m; sourceTree = "<group>"; };
		6506BA8510D85A110043A640 /* Sprite+Utils.h */ = {isa = PBXFileReference; fileEncoding = 4; lastKnownFileType = sourcecode.c.h; path = "Sprite+Utils.h"; sourceTree = "<group>"; };
		6506BA8610D85A110043A640 /* Sprite+Utils.m */ = {isa = PBXFileReference; fileEncoding = 4; lastKnownFileType = sourcecode.c.objc; path = "Sprite+Utils.m"; sourceTree = "<group>"; };
		658A903D10B057D5001BF45A /* OpenGLES.framework */ = {isa = PBXFileReference; lastKnownFileType = wrapper.framework; name = OpenGLES.framework; path = System/Library/Frameworks/OpenGLES.framework; sourceTree = SDKROOT; };
		658A903F10B057D5001BF45A /* QuartzCore.framework */ = {isa = PBXFileReference; lastKnownFileType = wrapper.framework; name = QuartzCore.framework; path = System/Library/Frameworks/QuartzCore.framework; sourceTree = SDKROOT; };
		658A904A10B0585A001BF45A /* cocos2d-iphone.xcodeproj */ = {isa = PBXFileReference; lastKnownFileType = "wrapper.pb-project"; path = "cocos2d-iphone.xcodeproj"; sourceTree = COCOS2D_SRC; };
		658A912C10B06409001BF45A /* fps_images.png */ = {isa = PBXFileReference; lastKnownFileType = image.png; name = fps_images.png; path = "Platforms/iPhoneOS.platform/Developer/Library/Xcode/Project Templates/Application/Cocos2D Application/Cocos2D Application/Images/fps_images.png"; sourceTree = DEVELOPER_DIR; };
		8D1107310486CEB800E47090 /* Copong-Info.plist */ = {isa = PBXFileReference; fileEncoding = 4; lastKnownFileType = text.plist.xml; path = "Copong-Info.plist"; plistStructureDefinitionIdentifier = "com.apple.xcode.plist.structure-definition.iphone.info-plist"; sourceTree = "<group>"; };
/* End PBXFileReference section */

/* Begin PBXFrameworksBuildPhase section */
		1D60588F0D05DD3D006BFB54 /* Frameworks */ = {
			isa = PBXFrameworksBuildPhase;
			buildActionMask = 2147483647;
			files = (
				1D60589F0D05DD5A006BFB54 /* Foundation.framework in Frameworks */,
				1DF5F4E00D08C38300B7A737 /* UIKit.framework in Frameworks */,
				288765FD0DF74451002DB57D /* CoreGraphics.framework in Frameworks */,
				658A903E10B057D5001BF45A /* OpenGLES.framework in Frameworks */,
				658A904010B057D5001BF45A /* QuartzCore.framework in Frameworks */,
				658A910810B0589E001BF45A /* libcocos2d.a in Frameworks */,
			);
			runOnlyForDeploymentPostprocessing = 0;
		};
/* End PBXFrameworksBuildPhase section */

/* Begin PBXGroup section */
		080E96DDFE201D6D7F000001 /* Classes */ = {
			isa = PBXGroup;
			children = (
				1D3623240D0F684500981E51 /* CopongAppDelegate.h */,
				1D3623250D0F684500981E51 /* CopongAppDelegate.m */,
				6506BA7610D859EB0043A640 /* MenuScene.h */,
				6506BA7710D859EB0043A640 /* MenuScene.m */,
				6506BA7910D859F30043A640 /* GameScene.h */,
				6506BA7A10D859F30043A640 /* GameScene.m */,
				6506BA7C10D859FB0043A640 /* MovingSprite.h */,
				6506BA7D10D859FB0043A640 /* MovingSprite.m */,
				6506BA7F10D85A020043A640 /* Ball.h */,
				6506BA8010D85A020043A640 /* Ball.m */,
				6506BA8210D85A090043A640 /* Paddle.h */,
				6506BA8310D85A090043A640 /* Paddle.m */,
				6506BA8510D85A110043A640 /* Sprite+Utils.h */,
				6506BA8610D85A110043A640 /* Sprite+Utils.m */,
			);
			path = Classes;
			sourceTree = "<group>";
		};
		19C28FACFE9D520D11CA2CBB /* Products */ = {
			isa = PBXGroup;
			children = (
				1D6058910D05DD3D006BFB54 /* Copong.app */,
			);
			name = Products;
			sourceTree = "<group>";
		};
		29B97314FDCFA39411CA2CEA /* CustomTemplate */ = {
			isa = PBXGroup;
			children = (
				080E96DDFE201D6D7F000001 /* Classes */,
				29B97315FDCFA39411CA2CEA /* Other Sources */,
				658A904510B05813001BF45A /* Support */,
				29B97317FDCFA39411CA2CEA /* Resources */,
				29B97323FDCFA39411CA2CEA /* Frameworks */,
				19C28FACFE9D520D11CA2CBB /* Products */,
			);
			name = CustomTemplate;
			sourceTree = "<group>";
		};
		29B97315FDCFA39411CA2CEA /* Other Sources */ = {
			isa = PBXGroup;
			children = (
				32CA4F630368D1EE00C91783 /* Copong_Prefix.pch */,
				29B97316FDCFA39411CA2CEA /* main.m */,
			);
			name = "Other Sources";
			sourceTree = "<group>";
		};
		29B97317FDCFA39411CA2CEA /* Resources */ = {
			isa = PBXGroup;
			children = (
				658A911D10B05B76001BF45A /* Images */,
				8D1107310486CEB800E47090 /* Copong-Info.plist */,
			);
			name = Resources;
			sourceTree = "<group>";
		};
		29B97323FDCFA39411CA2CEA /* Frameworks */ = {
			isa = PBXGroup;
			children = (
				1DF5F4DF0D08C38300B7A737 /* UIKit.framework */,
				1D30AB110D05D00D00671497 /* Foundation.framework */,
				288765FC0DF74451002DB57D /* CoreGraphics.framework */,
				658A903D10B057D5001BF45A /* OpenGLES.framework */,
				658A903F10B057D5001BF45A /* QuartzCore.framework */,
			);
			name = Frameworks;
			sourceTree = "<group>";
		};
		658A904510B05813001BF45A /* Support */ = {
			isa = PBXGroup;
			children = (
				658A904910B05843001BF45A /* Cocos2D */,
			);
			name = Support;
			sourceTree = "<group>";
		};
		658A904910B05843001BF45A /* Cocos2D */ = {
			isa = PBXGroup;
			children = (
				658A904A10B0585A001BF45A /* cocos2d-iphone.xcodeproj */,
			);
			name = Cocos2D;
			sourceTree = "<group>";
		};
		658A907610B0585B001BF45A /* Products */ = {
			isa = PBXGroup;
			children = (
				658A90A910B0585B001BF45A /* libbox2d.a */,
				658A90AB10B0585B001BF45A /* libChipmunk.a */,
				658A90AD10B0585B001BF45A /* libcocos2d.a */,
				658A90AF10B0585B001BF45A /* libcocos2d-documentation.a */,
				658A90B110B0585B001BF45A /* libCocosDenshion.a */,
				658A90B310B0585B001BF45A /* libcocos Live.a */,
				658A90B510B0585B001BF45A /* libFontLabel.a */,
				658A90B710B0585B001BF45A /* liblibpng.a */,
				658A90B910B0585B001BF45A /* libTouchJSON.a */,
				658A90BB10B0585B001BF45A /* libvorbis.a */,
				658A90BD10B0585B001BF45A /* AccelViewportTest.app */,
				658A90BF10B0585B001BF45A /* ActionManagerTest.app */,
				658A90C110B0585B001BF45A /* AtlasTest.app */,
				658A90C310B0585B001BF45A /* AtlasSpriteTest.app */,
				658A90C510B0585B001BF45A /* AttachTest.app */,
				658A90C710B0585B001BF45A /* Box2dTest.app */,
				658A90C910B0585B001BF45A /* Box2dTest.app */,
				658A90CB10B0585B001BF45A /* ChipmunkAccelTouchTest.app */,
				658A90CD10B0585B001BF45A /* ChipmunkTest.app */,
				658A90CF10B0585B001BF45A /* ClickAndMoveTest.app */,
				658A90D110B0585B001BF45A /* CocosDenshionDemo.app */,
				658A90D310B0585B001BF45A /* cocosLiveTest.app */,
				658A90D510B0585B001BF45A /* cocosnodeTest.app */,
				658A90D710B0585B001BF45A /* drawPrimitivesTest.app */,
				658A90D910B0585B001BF45A /* EaseActionsTest.app */,
				658A90DB10B0585B001BF45A /* EffectsTest.app */,
				658A90DD10B0585B001BF45A /* EffectsAdvancedTest.app */,
				658A90DF10B0585B001BF45A /* FontTest.app */,
				658A90E110B0585B001BF45A /* IntervalTest.app */,
				658A90E310B0585B001BF45A /* LayerTest.app */,
				658A90E510B0585B001BF45A /* MenuTest.app */,
				658A90E710B0585B001BF45A /* MotionStreakTest.app */,
				658A90E910B0585B001BF45A /* ParallaxTest.app */,
				658A90EB10B0585B001BF45A /* ParticleView.app */,
				658A90ED10B0585B001BF45A /* ParticleTest.app */,
				658A90EF10B0585B001BF45A /* SoundEngineTest.app */,
				658A90F110B0585B001BF45A /* RenderTextureTest.app */,
				658A90F310B0585B001BF45A /* RotateWorldTest.app */,
				658A90F510B0585B001BF45A /* SceneTest.app */,
				658A90F710B0585B001BF45A /* SpritesTest.app */,
				658A90F910B0585B001BF45A /* Texture2dTest.app */,
				658A90FB10B0585B001BF45A /* TileMapTest.app */,
				658A90FD10B0585B001BF45A /* TouchesTest.app */,
				658A90FF10B0585B001BF45A /* TransitionsTest.app */,
				658A910110B0585B001BF45A /* HelloWorldSample.app */,
				658A910310B0585B001BF45A /* HelloActionsSample.app */,
				658A910510B0585B001BF45A /* HelloEventsSample.app */,
				658A910710B0585B001BF45A /* Bug422.app */,
			);
			name = Products;
			sourceTree = "<group>";
		};
		658A911D10B05B76001BF45A /* Images */ = {
			isa = PBXGroup;
			children = (
				6506BA2810D858190043A640 /* Icon.png */,
				6506BA2610D858190043A640 /* Default.png */,
				6506BA2510D858190043A640 /* ball.png */,
				6506BA2710D858190043A640 /* game.png */,
				6506BA2910D858190043A640 /* paddle.png */,
				6506BA2A10D858190043A640 /* score_images.png */,
				6506BA2B10D858190043A640 /* title.png */,
				658A912C10B06409001BF45A /* fps_images.png */,
			);
			path = Images;
			sourceTree = SOURCE_ROOT;
		};
/* End PBXGroup section */

/* Begin PBXNativeTarget section */
		1D6058900D05DD3D006BFB54 /* Copong */ = {
			isa = PBXNativeTarget;
			buildConfigurationList = 1D6058960D05DD3E006BFB54 /* Build configuration list for PBXNativeTarget "Copong" */;
			buildPhases = (
				1D60588D0D05DD3D006BFB54 /* Resources */,
				1D60588E0D05DD3D006BFB54 /* Sources */,
				1D60588F0D05DD3D006BFB54 /* Frameworks */,
			);
			buildRules = (
			);
			dependencies = (
				658A910D10B05961001BF45A /* PBXTargetDependency */,
			);
			name = Copong;
			productName = Copong;
			productReference = 1D6058910D05DD3D006BFB54 /* Copong.app */;
			productType = "com.apple.product-type.application";
		};
/* End PBXNativeTarget section */

/* Begin PBXProject section */
		29B97313FDCFA39411CA2CEA /* Project object */ = {
			isa = PBXProject;
			buildConfigurationList = C01FCF4E08A954540054247B /* Build configuration list for PBXProject "Copong" */;
			compatibilityVersion = "Xcode 3.1";
			hasScannedForEncodings = 1;
			mainGroup = 29B97314FDCFA39411CA2CEA /* CustomTemplate */;
			projectDirPath = "";
			projectReferences = (
				{
					ProductGroup = 658A907610B0585B001BF45A /* Products */;
					ProjectRef = 658A904A10B0585A001BF45A /* cocos2d-iphone.xcodeproj */;
				},
			);
			projectRoot = "";
			targets = (
				1D6058900D05DD3D006BFB54 /* Copong */,
			);
		};
/* End PBXProject section */

/* Begin PBXReferenceProxy section */
		658A90A910B0585B001BF45A /* libbox2d.a */ = {
			isa = PBXReferenceProxy;
			fileType = archive.ar;
			path = libbox2d.a;
			remoteRef = 658A90A810B0585B001BF45A /* PBXContainerItemProxy */;
			sourceTree = BUILT_PRODUCTS_DIR;
		};
		658A90AB10B0585B001BF45A /* libChipmunk.a */ = {
			isa = PBXReferenceProxy;
			fileType = archive.ar;
			path = libChipmunk.a;
			remoteRef = 658A90AA10B0585B001BF45A /* PBXContainerItemProxy */;
			sourceTree = BUILT_PRODUCTS_DIR;
		};
		658A90AD10B0585B001BF45A /* libcocos2d.a */ = {
			isa = PBXReferenceProxy;
			fileType = archive.ar;
			path = libcocos2d.a;
			remoteRef = 658A90AC10B0585B001BF45A /* PBXContainerItemProxy */;
			sourceTree = BUILT_PRODUCTS_DIR;
		};
		658A90AF10B0585B001BF45A /* libcocos2d-documentation.a */ = {
			isa = PBXReferenceProxy;
			fileType = archive.ar;
			path = "libcocos2d-documentation.a";
			remoteRef = 658A90AE10B0585B001BF45A /* PBXContainerItemProxy */;
			sourceTree = BUILT_PRODUCTS_DIR;
		};
		658A90B110B0585B001BF45A /* libCocosDenshion.a */ = {
			isa = PBXReferenceProxy;
			fileType = archive.ar;
			path = libCocosDenshion.a;
			remoteRef = 658A90B010B0585B001BF45A /* PBXContainerItemProxy */;
			sourceTree = BUILT_PRODUCTS_DIR;
		};
		658A90B310B0585B001BF45A /* libcocos Live.a */ = {
			isa = PBXReferenceProxy;
			fileType = archive.ar;
			path = "libcocos Live.a";
			remoteRef = 658A90B210B0585B001BF45A /* PBXContainerItemProxy */;
			sourceTree = BUILT_PRODUCTS_DIR;
		};
		658A90B510B0585B001BF45A /* libFontLabel.a */ = {
			isa = PBXReferenceProxy;
			fileType = archive.ar;
			path = libFontLabel.a;
			remoteRef = 658A90B410B0585B001BF45A /* PBXContainerItemProxy */;
			sourceTree = BUILT_PRODUCTS_DIR;
		};
		658A90B710B0585B001BF45A /* liblibpng.a */ = {
			isa = PBXReferenceProxy;
			fileType = archive.ar;
			path = liblibpng.a;
			remoteRef = 658A90B610B0585B001BF45A /* PBXContainerItemProxy */;
			sourceTree = BUILT_PRODUCTS_DIR;
		};
		658A90B910B0585B001BF45A /* libTouchJSON.a */ = {
			isa = PBXReferenceProxy;
			fileType = archive.ar;
			path = libTouchJSON.a;
			remoteRef = 658A90B810B0585B001BF45A /* PBXContainerItemProxy */;
			sourceTree = BUILT_PRODUCTS_DIR;
		};
		658A90BB10B0585B001BF45A /* libvorbis.a */ = {
			isa = PBXReferenceProxy;
			fileType = archive.ar;
			path = libvorbis.a;
			remoteRef = 658A90BA10B0585B001BF45A /* PBXContainerItemProxy */;
			sourceTree = BUILT_PRODUCTS_DIR;
		};
		658A90BD10B0585B001BF45A /* AccelViewportTest.app */ = {
			isa = PBXReferenceProxy;
			fileType = wrapper.application;
			path = AccelViewportTest.app;
			remoteRef = 658A90BC10B0585B001BF45A /* PBXContainerItemProxy */;
			sourceTree = BUILT_PRODUCTS_DIR;
		};
		658A90BF10B0585B001BF45A /* ActionManagerTest.app */ = {
			isa = PBXReferenceProxy;
			fileType = wrapper.application;
			path = ActionManagerTest.app;
			remoteRef = 658A90BE10B0585B001BF45A /* PBXContainerItemProxy */;
			sourceTree = BUILT_PRODUCTS_DIR;
		};
		658A90C110B0585B001BF45A /* AtlasTest.app */ = {
			isa = PBXReferenceProxy;
			fileType = wrapper.application;
			path = AtlasTest.app;
			remoteRef = 658A90C010B0585B001BF45A /* PBXContainerItemProxy */;
			sourceTree = BUILT_PRODUCTS_DIR;
		};
		658A90C310B0585B001BF45A /* AtlasSpriteTest.app */ = {
			isa = PBXReferenceProxy;
			fileType = wrapper.application;
			path = AtlasSpriteTest.app;
			remoteRef = 658A90C210B0585B001BF45A /* PBXContainerItemProxy */;
			sourceTree = BUILT_PRODUCTS_DIR;
		};
		658A90C510B0585B001BF45A /* AttachTest.app */ = {
			isa = PBXReferenceProxy;
			fileType = wrapper.application;
			path = AttachTest.app;
			remoteRef = 658A90C410B0585B001BF45A /* PBXContainerItemProxy */;
			sourceTree = BUILT_PRODUCTS_DIR;
		};
		658A90C710B0585B001BF45A /* Box2dTest.app */ = {
			isa = PBXReferenceProxy;
			fileType = wrapper.application;
			path = Box2dTest.app;
			remoteRef = 658A90C610B0585B001BF45A /* PBXContainerItemProxy */;
			sourceTree = BUILT_PRODUCTS_DIR;
		};
		658A90C910B0585B001BF45A /* Box2dTest.app */ = {
			isa = PBXReferenceProxy;
			fileType = wrapper.application;
			path = Box2dTest.app;
			remoteRef = 658A90C810B0585B001BF45A /* PBXContainerItemProxy */;
			sourceTree = BUILT_PRODUCTS_DIR;
		};
		658A90CB10B0585B001BF45A /* ChipmunkAccelTouchTest.app */ = {
			isa = PBXReferenceProxy;
			fileType = wrapper.application;
			path = ChipmunkAccelTouchTest.app;
			remoteRef = 658A90CA10B0585B001BF45A /* PBXContainerItemProxy */;
			sourceTree = BUILT_PRODUCTS_DIR;
		};
		658A90CD10B0585B001BF45A /* ChipmunkTest.app */ = {
			isa = PBXReferenceProxy;
			fileType = wrapper.application;
			path = ChipmunkTest.app;
			remoteRef = 658A90CC10B0585B001BF45A /* PBXContainerItemProxy */;
			sourceTree = BUILT_PRODUCTS_DIR;
		};
		658A90CF10B0585B001BF45A /* ClickAndMoveTest.app */ = {
			isa = PBXReferenceProxy;
			fileType = wrapper.application;
			path = ClickAndMoveTest.app;
			remoteRef = 658A90CE10B0585B001BF45A /* PBXContainerItemProxy */;
			sourceTree = BUILT_PRODUCTS_DIR;
		};
		658A90D110B0585B001BF45A /* CocosDenshionDemo.app */ = {
			isa = PBXReferenceProxy;
			fileType = wrapper.application;
			path = CocosDenshionDemo.app;
			remoteRef = 658A90D010B0585B001BF45A /* PBXContainerItemProxy */;
			sourceTree = BUILT_PRODUCTS_DIR;
		};
		658A90D310B0585B001BF45A /* cocosLiveTest.app */ = {
			isa = PBXReferenceProxy;
			fileType = wrapper.application;
			path = cocosLiveTest.app;
			remoteRef = 658A90D210B0585B001BF45A /* PBXContainerItemProxy */;
			sourceTree = BUILT_PRODUCTS_DIR;
		};
		658A90D510B0585B001BF45A /* cocosnodeTest.app */ = {
			isa = PBXReferenceProxy;
			fileType = wrapper.application;
			path = cocosnodeTest.app;
			remoteRef = 658A90D410B0585B001BF45A /* PBXContainerItemProxy */;
			sourceTree = BUILT_PRODUCTS_DIR;
		};
		658A90D710B0585B001BF45A /* drawPrimitivesTest.app */ = {
			isa = PBXReferenceProxy;
			fileType = wrapper.application;
			path = drawPrimitivesTest.app;
			remoteRef = 658A90D610B0585B001BF45A /* PBXContainerItemProxy */;
			sourceTree = BUILT_PRODUCTS_DIR;
		};
		658A90D910B0585B001BF45A /* EaseActionsTest.app */ = {
			isa = PBXReferenceProxy;
			fileType = wrapper.application;
			path = EaseActionsTest.app;
			remoteRef = 658A90D810B0585B001BF45A /* PBXContainerItemProxy */;
			sourceTree = BUILT_PRODUCTS_DIR;
		};
		658A90DB10B0585B001BF45A /* EffectsTest.app */ = {
			isa = PBXReferenceProxy;
			fileType = wrapper.application;
			path = EffectsTest.app;
			remoteRef = 658A90DA10B0585B001BF45A /* PBXContainerItemProxy */;
			sourceTree = BUILT_PRODUCTS_DIR;
		};
		658A90DD10B0585B001BF45A /* EffectsAdvancedTest.app */ = {
			isa = PBXReferenceProxy;
			fileType = wrapper.application;
			path = EffectsAdvancedTest.app;
			remoteRef = 658A90DC10B0585B001BF45A /* PBXContainerItemProxy */;
			sourceTree = BUILT_PRODUCTS_DIR;
		};
		658A90DF10B0585B001BF45A /* FontTest.app */ = {
			isa = PBXReferenceProxy;
			fileType = wrapper.application;
			path = FontTest.app;
			remoteRef = 658A90DE10B0585B001BF45A /* PBXContainerItemProxy */;
			sourceTree = BUILT_PRODUCTS_DIR;
		};
		658A90E110B0585B001BF45A /* IntervalTest.app */ = {
			isa = PBXReferenceProxy;
			fileType = wrapper.application;
			path = IntervalTest.app;
			remoteRef = 658A90E010B0585B001BF45A /* PBXContainerItemProxy */;
			sourceTree = BUILT_PRODUCTS_DIR;
		};
		658A90E310B0585B001BF45A /* LayerTest.app */ = {
			isa = PBXReferenceProxy;
			fileType = wrapper.application;
			path = LayerTest.app;
			remoteRef = 658A90E210B0585B001BF45A /* PBXContainerItemProxy */;
			sourceTree = BUILT_PRODUCTS_DIR;
		};
		658A90E510B0585B001BF45A /* MenuTest.app */ = {
			isa = PBXReferenceProxy;
			fileType = wrapper.application;
			path = MenuTest.app;
			remoteRef = 658A90E410B0585B001BF45A /* PBXContainerItemProxy */;
			sourceTree = BUILT_PRODUCTS_DIR;
		};
		658A90E710B0585B001BF45A /* MotionStreakTest.app */ = {
			isa = PBXReferenceProxy;
			fileType = wrapper.application;
			path = MotionStreakTest.app;
			remoteRef = 658A90E610B0585B001BF45A /* PBXContainerItemProxy */;
			sourceTree = BUILT_PRODUCTS_DIR;
		};
		658A90E910B0585B001BF45A /* ParallaxTest.app */ = {
			isa = PBXReferenceProxy;
			fileType = wrapper.application;
			path = ParallaxTest.app;
			remoteRef = 658A90E810B0585B001BF45A /* PBXContainerItemProxy */;
			sourceTree = BUILT_PRODUCTS_DIR;
		};
		658A90EB10B0585B001BF45A /* ParticleView.app */ = {
			isa = PBXReferenceProxy;
			fileType = wrapper.application;
			path = ParticleView.app;
			remoteRef = 658A90EA10B0585B001BF45A /* PBXContainerItemProxy */;
			sourceTree = BUILT_PRODUCTS_DIR;
		};
		658A90ED10B0585B001BF45A /* ParticleTest.app */ = {
			isa = PBXReferenceProxy;
			fileType = wrapper.application;
			path = ParticleTest.app;
			remoteRef = 658A90EC10B0585B001BF45A /* PBXContainerItemProxy */;
			sourceTree = BUILT_PRODUCTS_DIR;
		};
		658A90EF10B0585B001BF45A /* SoundEngineTest.app */ = {
			isa = PBXReferenceProxy;
			fileType = wrapper.application;
			path = SoundEngineTest.app;
			remoteRef = 658A90EE10B0585B001BF45A /* PBXContainerItemProxy */;
			sourceTree = BUILT_PRODUCTS_DIR;
		};
		658A90F110B0585B001BF45A /* RenderTextureTest.app */ = {
			isa = PBXReferenceProxy;
			fileType = wrapper.application;
			path = RenderTextureTest.app;
			remoteRef = 658A90F010B0585B001BF45A /* PBXContainerItemProxy */;
			sourceTree = BUILT_PRODUCTS_DIR;
		};
		658A90F310B0585B001BF45A /* RotateWorldTest.app */ = {
			isa = PBXReferenceProxy;
			fileType = wrapper.application;
			path = RotateWorldTest.app;
			remoteRef = 658A90F210B0585B001BF45A /* PBXContainerItemProxy */;
			sourceTree = BUILT_PRODUCTS_DIR;
		};
		658A90F510B0585B001BF45A /* SceneTest.app */ = {
			isa = PBXReferenceProxy;
			fileType = wrapper.application;
			path = SceneTest.app;
			remoteRef = 658A90F410B0585B001BF45A /* PBXContainerItemProxy */;
			sourceTree = BUILT_PRODUCTS_DIR;
		};
		658A90F710B0585B001BF45A /* SpritesTest.app */ = {
			isa = PBXReferenceProxy;
			fileType = wrapper.application;
			path = SpritesTest.app;
			remoteRef = 658A90F610B0585B001BF45A /* PBXContainerItemProxy */;
			sourceTree = BUILT_PRODUCTS_DIR;
		};
		658A90F910B0585B001BF45A /* Texture2dTest.app */ = {
			isa = PBXReferenceProxy;
			fileType = wrapper.application;
			path = Texture2dTest.app;
			remoteRef = 658A90F810B0585B001BF45A /* PBXContainerItemProxy */;
			sourceTree = BUILT_PRODUCTS_DIR;
		};
		658A90FB10B0585B001BF45A /* TileMapTest.app */ = {
			isa = PBXReferenceProxy;
			fileType = wrapper.application;
			path = TileMapTest.app;
			remoteRef = 658A90FA10B0585B001BF45A /* PBXContainerItemProxy */;
			sourceTree = BUILT_PRODUCTS_DIR;
		};
		658A90FD10B0585B001BF45A /* TouchesTest.app */ = {
			isa = PBXReferenceProxy;
			fileType = wrapper.application;
			path = TouchesTest.app;
			remoteRef = 658A90FC10B0585B001BF45A /* PBXContainerItemProxy */;
			sourceTree = BUILT_PRODUCTS_DIR;
		};
		658A90FF10B0585B001BF45A /* TransitionsTest.app */ = {
			isa = PBXReferenceProxy;
			fileType = wrapper.application;
			path = TransitionsTest.app;
			remoteRef = 658A90FE10B0585B001BF45A /* PBXContainerItemProxy */;
			sourceTree = BUILT_PRODUCTS_DIR;
		};
		658A910110B0585B001BF45A /* HelloWorldSample.app */ = {
			isa = PBXReferenceProxy;
			fileType = wrapper.application;
			path = HelloWorldSample.app;
			remoteRef = 658A910010B0585B001BF45A /* PBXContainerItemProxy */;
			sourceTree = BUILT_PRODUCTS_DIR;
		};
		658A910310B0585B001BF45A /* HelloActionsSample.app */ = {
			isa = PBXReferenceProxy;
			fileType = wrapper.application;
			path = HelloActionsSample.app;
			remoteRef = 658A910210B0585B001BF45A /* PBXContainerItemProxy */;
			sourceTree = BUILT_PRODUCTS_DIR;
		};
		658A910510B0585B001BF45A /* HelloEventsSample.app */ = {
			isa = PBXReferenceProxy;
			fileType = wrapper.application;
			path = HelloEventsSample.app;
			remoteRef = 658A910410B0585B001BF45A /* PBXContainerItemProxy */;
			sourceTree = BUILT_PRODUCTS_DIR;
		};
		658A910710B0585B001BF45A /* Bug422.app */ = {
			isa = PBXReferenceProxy;
			fileType = wrapper.application;
			path = Bug422.app;
			remoteRef = 658A910610B0585B001BF45A /* PBXContainerItemProxy */;
			sourceTree = BUILT_PRODUCTS_DIR;
		};
/* End PBXReferenceProxy section */

/* Begin PBXResourcesBuildPhase section */
		1D60588D0D05DD3D006BFB54 /* Resources */ = {
			isa = PBXResourcesBuildPhase;
			buildActionMask = 2147483647;
			files = (
				658A912D10B06409001BF45A /* fps_images.png in Resources */,
				6506BA2C10D858190043A640 /* ball.png in Resources */,
				6506BA2D10D858190043A640 /* Default.png in Resources */,
				6506BA2E10D858190043A640 /* game.png in Resources */,
				6506BA2F10D858190043A640 /* Icon.png in Resources */,
				6506BA3010D858190043A640 /* paddle.png in Resources */,
				6506BA3110D858190043A640 /* score_images.png in Resources */,
				6506BA3210D858190043A640 /* title.png in Resources */,
			);
			runOnlyForDeploymentPostprocessing = 0;
		};
/* End PBXResourcesBuildPhase section */

/* Begin PBXSourcesBuildPhase section */
		1D60588E0D05DD3D006BFB54 /* Sources */ = {
			isa = PBXSourcesBuildPhase;
			buildActionMask = 2147483647;
			files = (
				1D60589B0D05DD56006BFB54 /* main.m in Sources */,
				1D3623260D0F684500981E51 /* CopongAppDelegate.m in Sources */,
				6506BA7810D859EB0043A640 /* MenuScene.m in Sources */,
				6506BA7B10D859F30043A640 /* GameScene.m in Sources */,
				6506BA7E10D859FB0043A640 /* MovingSprite.m in Sources */,
				6506BA8110D85A020043A640 /* Ball.m in Sources */,
				6506BA8410D85A090043A640 /* Paddle.m in Sources */,
				6506BA8710D85A110043A640 /* Sprite+Utils.m in Sources */,
			);
			runOnlyForDeploymentPostprocessing = 0;
		};
/* End PBXSourcesBuildPhase section */

/* Begin PBXTargetDependency section */
		658A910D10B05961001BF45A /* PBXTargetDependency */ = {
			isa = PBXTargetDependency;
			name = cocos2d;
			targetProxy = 658A910C10B05961001BF45A /* PBXContainerItemProxy */;
		};
/* End PBXTargetDependency section */

/* Begin XCBuildConfiguration section */
		1D6058940D05DD3E006BFB54 /* Debug */ = {
			isa = XCBuildConfiguration;
			buildSettings = {
				ALWAYS_SEARCH_USER_PATHS = NO;
				COPY_PHASE_STRIP = NO;
				GCC_DYNAMIC_NO_PIC = YES;
				GCC_OPTIMIZATION_LEVEL = 0;
				GCC_PRECOMPILE_PREFIX_HEADER = YES;
				GCC_PREFIX_HEADER = Copong_Prefix.pch;
				GCC_THUMB_SUPPORT = NO;
				INFOPLIST_FILE = "Copong-Info.plist";
				PRODUCT_NAME = Copong;
				SDKROOT = iphonesimulator3.0;
				USER_HEADER_SEARCH_PATHS = "$(COCOS2D_SRC)/**";
			};
			name = Debug;
		};
		1D6058950D05DD3E006BFB54 /* Release */ = {
			isa = XCBuildConfiguration;
			buildSettings = {
				ALWAYS_SEARCH_USER_PATHS = NO;
				COPY_PHASE_STRIP = YES;
				GCC_DYNAMIC_NO_PIC = YES;
				GCC_PRECOMPILE_PREFIX_HEADER = YES;
				GCC_PREFIX_HEADER = Copong_Prefix.pch;
				GCC_THUMB_SUPPORT = NO;
				INFOPLIST_FILE = "Copong-Info.plist";
				PRODUCT_NAME = Copong;
				SDKROOT = iphonesimulator3.0;
				USER_HEADER_SEARCH_PATHS = "$(COCOS2D_SRC)/**";
			};
			name = Release;
		};
		C01FCF4F08A954540054247B /* Debug */ = {
			isa = XCBuildConfiguration;
			buildSettings = {
				ARCHS = "$(ARCHS_STANDARD_32_BIT)";
				"CODE_SIGN_IDENTITY[sdk=iphoneos*]" = "iPhone Developer";
				GCC_C_LANGUAGE_STANDARD = c99;
				GCC_FAST_MATH = YES;
				GCC_STRICT_ALIASING = YES;
				GCC_THUMB_SUPPORT = NO;
				GCC_TREAT_IMPLICIT_FUNCTION_DECLARATIONS_AS_ERRORS = YES;
				GCC_TREAT_WARNINGS_AS_ERRORS = YES;
				GCC_VERSION = "";
				GCC_WARN_64_TO_32_BIT_CONVERSION = YES;
				GCC_WARN_ABOUT_MISSING_NEWLINE = YES;
				GCC_WARN_ABOUT_RETURN_TYPE = YES;
				GCC_WARN_CHECK_SWITCH_STATEMENTS = YES;
				GCC_WARN_EFFECTIVE_CPLUSPLUS_VIOLATIONS = YES;
				GCC_WARN_HIDDEN_VIRTUAL_FUNCTIONS = YES;
				GCC_WARN_INITIALIZER_NOT_FULLY_BRACKETED = YES;
				GCC_WARN_MISSING_PARENTHESES = YES;
				GCC_WARN_NON_VIRTUAL_DESTRUCTOR = YES;
				GCC_WARN_SIGN_COMPARE = YES;
				GCC_WARN_UNKNOWN_PRAGMAS = YES;
				GCC_WARN_UNUSED_LABEL = YES;
				GCC_WARN_UNUSED_VALUE = YES;
				GCC_WARN_UNUSED_VARIABLE = YES;
				ONLY_ACTIVE_ARCH = YES;
				PREBINDING = NO;
				SDKROOT = iphonesimulator3.0;
				USER_HEADER_SEARCH_PATHS = "$(COCOS2D_SRC)/**";
			};
			name = Debug;
		};
		C01FCF5008A954540054247B /* Release */ = {
			isa = XCBuildConfiguration;
			buildSettings = {
				ARCHS = "$(ARCHS_STANDARD_32_BIT)";
				"CODE_SIGN_IDENTITY[sdk=iphoneos*]" = "iPhone Developer";
				GCC_C_LANGUAGE_STANDARD = c99;
				GCC_FAST_MATH = YES;
				GCC_STRICT_ALIASING = YES;
				GCC_THUMB_SUPPORT = NO;
				GCC_TREAT_IMPLICIT_FUNCTION_DECLARATIONS_AS_ERRORS = YES;
				GCC_TREAT_WARNINGS_AS_ERRORS = YES;
				GCC_VERSION = "";
				GCC_WARN_64_TO_32_BIT_CONVERSION = YES;
				GCC_WARN_ABOUT_MISSING_NEWLINE = YES;
				GCC_WARN_ABOUT_RETURN_TYPE = YES;
				GCC_WARN_CHECK_SWITCH_STATEMENTS = YES;
				GCC_WARN_EFFECTIVE_CPLUSPLUS_VIOLATIONS = YES;
				GCC_WARN_HIDDEN_VIRTUAL_FUNCTIONS = YES;
				GCC_WARN_INITIALIZER_NOT_FULLY_BRACKETED = YES;
				GCC_WARN_MISSING_PARENTHESES = YES;
				GCC_WARN_NON_VIRTUAL_DESTRUCTOR = YES;
				GCC_WARN_SIGN_COMPARE = YES;
				GCC_WARN_UNKNOWN_PRAGMAS = YES;
				GCC_WARN_UNUSED_LABEL = YES;
				GCC_WARN_UNUSED_VALUE = YES;
				GCC_WARN_UNUSED_VARIABLE = YES;
				PREBINDING = NO;
				SDKROOT = iphonesimulator3.0;
				USER_HEADER_SEARCH_PATHS = "$(COCOS2D_SRC)/**";
			};
			name = Release;
		};
/* End XCBuildConfiguration section */

/* Begin XCConfigurationList section */
		1D6058960D05DD3E006BFB54 /* Build configuration list for PBXNativeTarget "Copong" */ = {
			isa = XCConfigurationList;
			buildConfigurations = (
				1D6058940D05DD3E006BFB54 /* Debug */,
				1D6058950D05DD3E006BFB54 /* Release */,
			);
			defaultConfigurationIsVisible = 0;
			defaultConfigurationName = Release;
		};
		C01FCF4E08A954540054247B /* Build configuration list for PBXProject "Copong" */ = {
			isa = XCConfigurationList;
			buildConfigurations = (
				C01FCF4F08A954540054247B /* Debug */,
				C01FCF5008A954540054247B /* Release */,
			);
			defaultConfigurationIsVisible = 0;
			defaultConfigurationName = Release;
		};
/* End XCConfigurationList section */
	};
	rootObject = 29B97313FDCFA39411CA2CEA /* Project object */;
}
